<?xml version="1.0" encoding="utf-8"?>
<Project ToolsVersion="4.0" xmlns="http://schemas.microsoft.com/developer/msbuild/2003">
  <ItemGroup>
    <Filter Include="Source Files">
      <UniqueIdentifier>{4FC737F1-C7A5-4376-A066-2A32D752A2FF}</UniqueIdentifier>
      <Extensions>cpp;c;cc;cxx;c++;cppm;ixx;def;odl;idl;hpj;bat;asm;asmx</Extensions>
    </Filter>
    <Filter Include="Header Files">
      <UniqueIdentifier>{93995380-89BD-4b04-88EB-625FBE52EBFB}</UniqueIdentifier>
      <Extensions>h;hh;hpp;hxx;h++;hm;inl;inc;ipp;xsd</Extensions>
    </Filter>
    <Filter Include="Resource Files">
      <UniqueIdentifier>{67DA6AB6-F800-4c08-8B7A-83BB121AAD01}</UniqueIdentifier>
      <Extensions>rc;ico;cur;bmp;dlg;rc2;rct;bin;rgs;gif;jpg;jpeg;jpe;resx;tiff;tif;png;wav;mfcribbon-ms</Extensions>
    </Filter>
  </ItemGroup>
  <ItemGroup>
    <ClInclude Include="dep\include\OpenGL\camera.h">
      <Filter>Header Files</Filter>
    </ClInclude>
    <ClInclude Include="dep\include\OpenGL\index_buffer.h">
      <Filter>Header Files</Filter>
    </ClInclude>
    <ClInclude Include="dep\include\OpenGL\renderer.h">
      <Filter>Header Files</Filter>
    </ClInclude>
    <ClInclude Include="dep\include\OpenGL\shader.h">
      <Filter>Header Files</Filter>
    </ClInclude>
    <ClInclude Include="dep\include\OpenGL\texture.h">
      <Filter>Header Files</Filter>
    </ClInclude>
    <ClInclude Include="dep\include\OpenGL\vertex_array.h">
      <Filter>Header Files</Filter>
    </ClInclude>
    <ClInclude Include="dep\include\OpenGL\vertex_buffer.h">
      <Filter>Header Files</Filter>
    </ClInclude>
    <ClInclude Include="dep\include\OpenGL\vertex_buffer_layout.h">
      <Filter>Header Files</Filter>
    </ClInclude>
    <ClInclude Include="dep\include\_Entities\bullet.h">
      <Filter>Header Files</Filter>
    </ClInclude>
    <ClInclude Include="dep\include\_Entities\entity.h">
      <Filter>Header Files</Filter>
    </ClInclude>
    <ClInclude Include="dep\include\game.h">
      <Filter>Header Files</Filter>
    </ClInclude>
    <ClInclude Include="dep\include\game_level.h">
      <Filter>Header Files</Filter>
    </ClInclude>
    <ClInclude Include="dep\include\headers.h">
      <Filter>Header Files</Filter>
    </ClInclude>
    <ClInclude Include="dep\include\stb_image.h">
      <Filter>Header Files</Filter>
    </ClInclude>
    <ClInclude Include="dep\include\sprite_renderer.h">
      <Filter>Header Files</Filter>
    </ClInclude>
    <ClInclude Include="dep\include\bitmap_font.h">
      <Filter>Header Files</Filter>
    </ClInclude>
    <ClInclude Include="dep\include\_Entities\alien.h">
      <Filter>Header Files</Filter>
    </ClInclude>
    <ClInclude Include="dep\include\_Entities\entityDynamic.h">
      <Filter>Header Files</Filter>
    </ClInclude>
    <ClInclude Include="dep\include\_Entities\ufo.h">
      <Filter>Header Files</Filter>
    </ClInclude>
    <ClInclude Include="dep\include\_Entities\barrier.h">
      <Filter>Header Files</Filter>
    </ClInclude>
    <ClInclude Include="dep\include\_Entities\barrierSubSection.h">
      <Filter>Header Files</Filter>
    </ClInclude>
    <ClInclude Include="dep\include\_Entities\player.h">
      <Filter>Header Files</Filter>
    </ClInclude>
    <ClInclude Include="resource.h">
      <Filter>Header Files</Filter>
    </ClInclude>
  </ItemGroup>
  <ItemGroup>
    <Library Include="dep\lib\glfw3.lib" />
    <Library Include="dep\lib\glfw3_mt.lib" />
  </ItemGroup>
  <ItemGroup>
    <None Include="res\shaders\bitmap_frag.shader" />
    <None Include="res\shaders\bitmap_frag2D.shader" />
    <None Include="res\shaders\bitmap_vert.shader" />
    <None Include="res\shaders\bitmap_vert2D.shader" />
    <None Include="res\shaders\main_frag.shader" />
    <None Include="res\shaders\main_vert.shader" />
    <None Include="res\shaders\main2D.frag" />
    <None Include="res\shaders\main2D.vert" />
    <None Include="res\shaders\bitmap2D.frag" />
    <None Include="res\levels\backup.lvl" />
  </ItemGroup>
  <ItemGroup>
    <ClCompile Include="src\OpenGL_src\camera.cpp">
      <Filter>Source Files</Filter>
    </ClCompile>
    <ClCompile Include="src\OpenGL_src\glad.c">
      <Filter>Source Files</Filter>
    </ClCompile>
    <ClCompile Include="src\OpenGL_src\index_buffer.cpp">
      <Filter>Source Files</Filter>
    </ClCompile>
    <ClCompile Include="src\OpenGL_src\renderer.cpp">
      <Filter>Source Files</Filter>
    </ClCompile>
    <ClCompile Include="src\OpenGL_src\shader.cpp">
      <Filter>Source Files</Filter>
    </ClCompile>
    <ClCompile Include="src\OpenGL_src\texture.cpp">
      <Filter>Source Files</Filter>
    </ClCompile>
    <ClCompile Include="src\OpenGL_src\vertex_array.cpp">
      <Filter>Source Files</Filter>
    </ClCompile>
    <ClCompile Include="src\OpenGL_src\vertex_buffer.cpp">
      <Filter>Source Files</Filter>
    </ClCompile>
    <ClCompile Include="src\_Entities\bullet.cpp">
      <Filter>Source Files</Filter>
    </ClCompile>
    <ClCompile Include="src\_Entities\entity.cpp">
      <Filter>Source Files</Filter>
    </ClCompile>
    <ClCompile Include="src\game.cpp">
      <Filter>Source Files</Filter>
    </ClCompile>
    <ClCompile Include="src\game_level.cpp">
      <Filter>Source Files</Filter>
    </ClCompile>
    <ClCompile Include="src\main.cpp">
      <Filter>Source Files</Filter>
    </ClCompile>
    <ClCompile Include="src\sprite_renderer.cpp">
      <Filter>Source Files</Filter>
    </ClCompile>
    <ClCompile Include="src\bitmap_font.cpp">
      <Filter>Source Files</Filter>
    </ClCompile>
    <ClCompile Include="src\_Entities\alien.cpp">
      <Filter>Source Files</Filter>
    </ClCompile>
    <ClCompile Include="src\_Entities\ufo.cpp">
      <Filter>Source Files</Filter>
    </ClCompile>
    <ClCompile Include="src\_Entities\barrier.cpp">
      <Filter>Source Files</Filter>
    </ClCompile>
    <ClCompile Include="src\_Entities\barrierSubSection.cpp">
      <Filter>Source Files</Filter>
    </ClCompile>
    <ClCompile Include="src\_Entities\player.cpp">
      <Filter>Source Files</Filter>
    </ClCompile>
  </ItemGroup>
  <ItemGroup>
    <ResourceCompile Include="Invaders.rc">
      <Filter>Resource Files</Filter>
    </ResourceCompile>
  </ItemGroup>
  <ItemGroup>
    <Image Include="icon.ico">
      <Filter>Resource Files</Filter>
    </Image>
  </ItemGroup>
</Project>